// !$*UTF8*$!
{
	archiveVersion = 1;
	classes = {
	};
	objectVersion = 48;
	objects = {

/* Begin PBXBuildFile section */
		5670DA5B1FA87ACF0034FD50 /* BaseNavigationController.m in Sources */ = {isa = PBXBuildFile; fileRef = 5670DA5A1FA87ACF0034FD50 /* BaseNavigationController.m */; };
		5670DA611FA87DE70034FD50 /* BaseViewController.m in Sources */ = {isa = PBXBuildFile; fileRef = 5670DA601FA87DE70034FD50 /* BaseViewController.m */; };
		5670DA641FA87E0E0034FD50 /* FilterViewController.m in Sources */ = {isa = PBXBuildFile; fileRef = 5670DA631FA87E0E0034FD50 /* FilterViewController.m */; };
		5670DA671FA87E750034FD50 /* Filter.m in Sources */ = {isa = PBXBuildFile; fileRef = 5670DA661FA87E750034FD50 /* Filter.m */; };
		5670DA6B1FA890AC0034FD50 /* GeneratationViewController.m in Sources */ = {isa = PBXBuildFile; fileRef = 5670DA6A1FA890AC0034FD50 /* GeneratationViewController.m */; };
		56E3AF291FA6CB0600224BD8 /* AppDelegate.m in Sources */ = {isa = PBXBuildFile; fileRef = 56E3AF281FA6CB0600224BD8 /* AppDelegate.m */; };
		56E3AF2C1FA6CB0600224BD8 /* ViewController.m in Sources */ = {isa = PBXBuildFile; fileRef = 56E3AF2B1FA6CB0600224BD8 /* ViewController.m */; };
		56E3AF2F1FA6CB0600224BD8 /* Main.storyboard in Resources */ = {isa = PBXBuildFile; fileRef = 56E3AF2D1FA6CB0600224BD8 /* Main.storyboard */; };
		56E3AF311FA6CB0600224BD8 /* Assets.xcassets in Resources */ = {isa = PBXBuildFile; fileRef = 56E3AF301FA6CB0600224BD8 /* Assets.xcassets */; };
		56E3AF341FA6CB0600224BD8 /* LaunchScreen.storyboard in Resources */ = {isa = PBXBuildFile; fileRef = 56E3AF321FA6CB0600224BD8 /* LaunchScreen.storyboard */; };
		56E3AF371FA6CB0600224BD8 /* main.m in Sources */ = {isa = PBXBuildFile; fileRef = 56E3AF361FA6CB0600224BD8 /* main.m */; };
/* End PBXBuildFile section */

/* Begin PBXFileReference section */
		5670DA591FA87ACF0034FD50 /* BaseNavigationController.h */ = {isa = PBXFileReference; lastKnownFileType = sourcecode.c.h; path = BaseNavigationController.h; sourceTree = "<group>"; };
		5670DA5A1FA87ACF0034FD50 /* BaseNavigationController.m */ = {isa = PBXFileReference; lastKnownFileType = sourcecode.c.objc; path = BaseNavigationController.m; sourceTree = "<group>"; };
		5670DA5F1FA87DE70034FD50 /* BaseViewController.h */ = {isa = PBXFileReference; lastKnownFileType = sourcecode.c.h; path = BaseViewController.h; sourceTree = "<group>"; };
		5670DA601FA87DE70034FD50 /* BaseViewController.m */ = {isa = PBXFileReference; lastKnownFileType = sourcecode.c.objc; path = BaseViewController.m; sourceTree = "<group>"; };
		5670DA621FA87E0E0034FD50 /* FilterViewController.h */ = {isa = PBXFileReference; lastKnownFileType = sourcecode.c.h; path = FilterViewController.h; sourceTree = "<group>"; };
		5670DA631FA87E0E0034FD50 /* FilterViewController.m */ = {isa = PBXFileReference; lastKnownFileType = sourcecode.c.objc; path = FilterViewController.m; sourceTree = "<group>"; };
		5670DA651FA87E750034FD50 /* Filter.h */ = {isa = PBXFileReference; lastKnownFileType = sourcecode.c.h; path = Filter.h; sourceTree = "<group>"; };
		5670DA661FA87E750034FD50 /* Filter.m */ = {isa = PBXFileReference; lastKnownFileType = sourcecode.c.objc; path = Filter.m; sourceTree = "<group>"; };
		5670DA691FA890AC0034FD50 /* GeneratationViewController.h */ = {isa = PBXFileReference; lastKnownFileType = sourcecode.c.h; path = GeneratationViewController.h; sourceTree = "<group>"; };
		5670DA6A1FA890AC0034FD50 /* GeneratationViewController.m */ = {isa = PBXFileReference; lastKnownFileType = sourcecode.c.objc; path = GeneratationViewController.m; sourceTree = "<group>"; };
		56E3AF241FA6CB0600224BD8 /* CoreImageDemo.app */ = {isa = PBXFileReference; explicitFileType = wrapper.application; includeInIndex = 0; path = CoreImageDemo.app; sourceTree = BUILT_PRODUCTS_DIR; };
		56E3AF271FA6CB0600224BD8 /* AppDelegate.h */ = {isa = PBXFileReference; lastKnownFileType = sourcecode.c.h; path = AppDelegate.h; sourceTree = "<group>"; };
		56E3AF281FA6CB0600224BD8 /* AppDelegate.m */ = {isa = PBXFileReference; lastKnownFileType = sourcecode.c.objc; path = AppDelegate.m; sourceTree = "<group>"; };
		56E3AF2A1FA6CB0600224BD8 /* ViewController.h */ = {isa = PBXFileReference; lastKnownFileType = sourcecode.c.h; path = ViewController.h; sourceTree = "<group>"; };
		56E3AF2B1FA6CB0600224BD8 /* ViewController.m */ = {isa = PBXFileReference; lastKnownFileType = sourcecode.c.objc; path = ViewController.m; sourceTree = "<group>"; };
		56E3AF2E1FA6CB0600224BD8 /* Base */ = {isa = PBXFileReference; lastKnownFileType = file.storyboard; name = Base; path = Base.lproj/Main.storyboard; sourceTree = "<group>"; };
		56E3AF301FA6CB0600224BD8 /* Assets.xcassets */ = {isa = PBXFileReference; lastKnownFileType = folder.assetcatalog; path = Assets.xcassets; sourceTree = "<group>"; };
		56E3AF331FA6CB0600224BD8 /* Base */ = {isa = PBXFileReference; lastKnownFileType = file.storyboard; name = Base; path = Base.lproj/LaunchScreen.storyboard; sourceTree = "<group>"; };
		56E3AF351FA6CB0600224BD8 /* Info.plist */ = {isa = PBXFileReference; lastKnownFileType = text.plist.xml; path = Info.plist; sourceTree = "<group>"; };
		56E3AF361FA6CB0600224BD8 /* main.m */ = {isa = PBXFileReference; lastKnownFileType = sourcecode.c.objc; path = main.m; sourceTree = "<group>"; };
/* End PBXFileReference section */

/* Begin PBXFrameworksBuildPhase section */
		56E3AF211FA6CB0600224BD8 /* Frameworks */ = {
			isa = PBXFrameworksBuildPhase;
			buildActionMask = 2147483647;
			files = (
			);
			runOnlyForDeploymentPostprocessing = 0;
		};
/* End PBXFrameworksBuildPhase section */

/* Begin PBXGroup section */
		5670DA571FA87A9F0034FD50 /* Base */ = {
			isa = PBXGroup;
			children = (
				5670DA5E1FA87DDD0034FD50 /* BaseViewController */,
				5670DA581FA87AB20034FD50 /* BaseNavigation */,
			);
			path = Base;
			sourceTree = "<group>";
		};
		5670DA581FA87AB20034FD50 /* BaseNavigation */ = {
			isa = PBXGroup;
			children = (
				5670DA591FA87ACF0034FD50 /* BaseNavigationController.h */,
				5670DA5A1FA87ACF0034FD50 /* BaseNavigationController.m */,
			);
			path = BaseNavigation;
			sourceTree = "<group>";
		};
		5670DA5C1FA87D9F0034FD50 /* Native */ = {
			isa = PBXGroup;
			children = (
				5670DA681FA8909A0034FD50 /* Generataion */,
				5670DA5D1FA87DB60034FD50 /* Tool */,
			);
			path = Native;
			sourceTree = "<group>";
		};
		5670DA5D1FA87DB60034FD50 /* Tool */ = {
			isa = PBXGroup;
			children = (
				5670DA621FA87E0E0034FD50 /* FilterViewController.h */,
				5670DA631FA87E0E0034FD50 /* FilterViewController.m */,
			);
			path = Tool;
			sourceTree = "<group>";
		};
		5670DA5E1FA87DDD0034FD50 /* BaseViewController */ = {
			isa = PBXGroup;
			children = (
				5670DA5F1FA87DE70034FD50 /* BaseViewController.h */,
				5670DA601FA87DE70034FD50 /* BaseViewController.m */,
			);
			path = BaseViewController;
			sourceTree = "<group>";
		};
		5670DA681FA8909A0034FD50 /* Generataion */ = {
			isa = PBXGroup;
			children = (
				5670DA691FA890AC0034FD50 /* GeneratationViewController.h */,
				5670DA6A1FA890AC0034FD50 /* GeneratationViewController.m */,
			);
			path = Generataion;
			sourceTree = "<group>";
		};
		56E3AF1B1FA6CB0500224BD8 = {
			isa = PBXGroup;
			children = (
				56E3AF261FA6CB0600224BD8 /* CoreImageDemo */,
				56E3AF251FA6CB0600224BD8 /* Products */,
			);
			sourceTree = "<group>";
		};
		56E3AF251FA6CB0600224BD8 /* Products */ = {
			isa = PBXGroup;
			children = (
				56E3AF241FA6CB0600224BD8 /* CoreImageDemo.app */,
			);
			name = Products;
			sourceTree = "<group>";
		};
		56E3AF261FA6CB0600224BD8 /* CoreImageDemo */ = {
			isa = PBXGroup;
			children = (
				5670DA651FA87E750034FD50 /* Filter.h */,
				5670DA661FA87E750034FD50 /* Filter.m */,
				5670DA5C1FA87D9F0034FD50 /* Native */,
				5670DA571FA87A9F0034FD50 /* Base */,
				56E3AF271FA6CB0600224BD8 /* AppDelegate.h */,
				56E3AF281FA6CB0600224BD8 /* AppDelegate.m */,
				56E3AF2A1FA6CB0600224BD8 /* ViewController.h */,
				56E3AF2B1FA6CB0600224BD8 /* ViewController.m */,
				56E3AF2D1FA6CB0600224BD8 /* Main.storyboard */,
				56E3AF301FA6CB0600224BD8 /* Assets.xcassets */,
				56E3AF321FA6CB0600224BD8 /* LaunchScreen.storyboard */,
				56E3AF351FA6CB0600224BD8 /* Info.plist */,
				56E3AF361FA6CB0600224BD8 /* main.m */,
			);
			path = CoreImageDemo;
			sourceTree = "<group>";
		};
/* End PBXGroup section */

/* Begin PBXNativeTarget section */
		56E3AF231FA6CB0600224BD8 /* CoreImageDemo */ = {
			isa = PBXNativeTarget;
			buildConfigurationList = 56E3AF3A1FA6CB0600224BD8 /* Build configuration list for PBXNativeTarget "CoreImageDemo" */;
			buildPhases = (
				56E3AF201FA6CB0600224BD8 /* Sources */,
				56E3AF211FA6CB0600224BD8 /* Frameworks */,
				56E3AF221FA6CB0600224BD8 /* Resources */,
			);
			buildRules = (
			);
			dependencies = (
			);
			name = CoreImageDemo;
			productName = CoreImageDemo;
			productReference = 56E3AF241FA6CB0600224BD8 /* CoreImageDemo.app */;
			productType = "com.apple.product-type.application";
		};
/* End PBXNativeTarget section */

/* Begin PBXProject section */
		56E3AF1C1FA6CB0500224BD8 /* Project object */ = {
			isa = PBXProject;
			attributes = {
				LastUpgradeCheck = 0900;
				ORGANIZATIONNAME = zhanggui;
				TargetAttributes = {
					56E3AF231FA6CB0600224BD8 = {
						CreatedOnToolsVersion = 9.0.1;
						ProvisioningStyle = Automatic;
					};
				};
			};
			buildConfigurationList = 56E3AF1F1FA6CB0500224BD8 /* Build configuration list for PBXProject "CoreImageDemo" */;
			compatibilityVersion = "Xcode 8.0";
			developmentRegion = en;
			hasScannedForEncodings = 0;
			knownRegions = (
				en,
				Base,
			);
			mainGroup = 56E3AF1B1FA6CB0500224BD8;
			productRefGroup = 56E3AF251FA6CB0600224BD8 /* Products */;
			projectDirPath = "";
			projectRoot = "";
			targets = (
				56E3AF231FA6CB0600224BD8 /* CoreImageDemo */,
			);
		};
/* End PBXProject section */

/* Begin PBXResourcesBuildPhase section */
		56E3AF221FA6CB0600224BD8 /* Resources */ = {
			isa = PBXResourcesBuildPhase;
			buildActionMask = 2147483647;
			files = (
				56E3AF341FA6CB0600224BD8 /* LaunchScreen.storyboard in Resources */,
				56E3AF311FA6CB0600224BD8 /* Assets.xcassets in Resources */,
				56E3AF2F1FA6CB0600224BD8 /* Main.storyboard in Resources */,
			);
			runOnlyForDeploymentPostprocessing = 0;
		};
/* End PBXResourcesBuildPhase section */

/* Begin PBXSourcesBuildPhase section */
		56E3AF201FA6CB0600224BD8 /* Sources */ = {
			isa = PBXSourcesBuildPhase;
			buildActionMask = 2147483647;
			files = (
				5670DA5B1FA87ACF0034FD50 /* BaseNavigationController.m in Sources */,
				5670DA671FA87E750034FD50 /* Filter.m in Sources */,
				5670DA611FA87DE70034FD50 /* BaseViewController.m in Sources */,
				56E3AF2C1FA6CB0600224BD8 /* ViewController.m in Sources */,
				56E3AF371FA6CB0600224BD8 /* main.m in Sources */,
				5670DA641FA87E0E0034FD50 /* FilterViewController.m in Sources */,
				56E3AF291FA6CB0600224BD8 /* AppDelegate.m in Sources */,
				5670DA6B1FA890AC0034FD50 /* GeneratationViewController.m in Sources */,
			);
			runOnlyForDeploymentPostprocessing = 0;
		};
/* End PBXSourcesBuildPhase section */

/* Begin PBXVariantGroup section */
		56E3AF2D1FA6CB0600224BD8 /* Main.storyboard */ = {
			isa = PBXVariantGroup;
			children = (
				56E3AF2E1FA6CB0600224BD8 /* Base */,
			);
			name = Main.storyboard;
			sourceTree = "<group>";
		};
		56E3AF321FA6CB0600224BD8 /* LaunchScreen.storyboard */ = {
			isa = PBXVariantGroup;
			children = (
				56E3AF331FA6CB0600224BD8 /* Base */,
			);
			name = LaunchScreen.storyboard;
			sourceTree = "<group>";
		};
/* End PBXVariantGroup section */

/* Begin XCBuildConfiguration section */
		56E3AF381FA6CB0600224BD8 /* Debug */ = {
			isa = XCBuildConfiguration;
			buildSettings = {
				ALWAYS_SEARCH_USER_PATHS = NO;
				CLANG_ANALYZER_NONNULL = YES;
				CLANG_ANALYZER_NUMBER_OBJECT_CONVERSION = YES_AGGRESSIVE;
				CLANG_CXX_LANGUAGE_STANDARD = "gnu++14";
				CLANG_CXX_LIBRARY = "libc++";
				CLANG_ENABLE_MODULES = YES;
				CLANG_ENABLE_OBJC_ARC = YES;
				CLANG_WARN_BLOCK_CAPTURE_AUTORELEASING = YES;
				CLANG_WARN_BOOL_CONVERSION = YES;
				CLANG_WARN_COMMA = YES;
				CLANG_WARN_CONSTANT_CONVERSION = YES;
				CLANG_WARN_DIRECT_OBJC_ISA_USAGE = YES_ERROR;
				CLANG_WARN_DOCUMENTATION_COMMENTS = YES;
				CLANG_WARN_EMPTY_BODY = YES;
				CLANG_WARN_ENUM_CONVERSION = YES;
				CLANG_WARN_INFINITE_RECURSION = YES;
				CLANG_WARN_INT_CONVERSION = YES;
				CLANG_WARN_NON_LITERAL_NULL_CONVERSION = YES;
				CLANG_WARN_OBJC_LITERAL_CONVERSION = YES;
				CLANG_WARN_OBJC_ROOT_CLASS = YES_ERROR;
				CLANG_WARN_RANGE_LOOP_ANALYSIS = YES;
				CLANG_WARN_STRICT_PROTOTYPES = YES;
				CLANG_WARN_SUSPICIOUS_MOVE = YES;
				CLANG_WARN_UNGUARDED_AVAILABILITY = YES_AGGRESSIVE;
				CLANG_WARN_UNREACHABLE_CODE = YES;
				CLANG_WARN__DUPLICATE_METHOD_MATCH = YES;
				CODE_SIGN_IDENTITY = "iPhone Developer";
				COPY_PHASE_STRIP = NO;
				DEBUG_INFORMATION_FORMAT = dwarf;
				ENABLE_STRICT_OBJC_MSGSEND = YES;
				ENABLE_TESTABILITY = YES;
				GCC_C_LANGUAGE_STANDARD = gnu11;
				GCC_DYNAMIC_NO_PIC = NO;
				GCC_NO_COMMON_BLOCKS = YES;
				GCC_OPTIMIZATION_LEVEL = 0;
				GCC_PREPROCESSOR_DEFINITIONS = (
					"DEBUG=1",
					"$(inherited)",
				);
				GCC_WARN_64_TO_32_BIT_CONVERSION = YES;
				GCC_WARN_ABOUT_RETURN_TYPE = YES_ERROR;
				GCC_WARN_UNDECLARED_SELECTOR = YES;
				GCC_WARN_UNINITIALIZED_AUTOS = YES_AGGRESSIVE;
				GCC_WARN_UNUSED_FUNCTION = YES;
				GCC_WARN_UNUSED_VARIABLE = YES;
				IPHONEOS_DEPLOYMENT_TARGET = 11.0;
				MTL_ENABLE_DEBUG_INFO = YES;
				ONLY_ACTIVE_ARCH = YES;
				SDKROOT = iphoneos;
			};
			name = Debug;
		};
		56E3AF391FA6CB0600224BD8 /* Release */ = {
			isa = XCBuildConfiguration;
			buildSettings = {
				ALWAYS_SEARCH_USER_PATHS = NO;
				CLANG_ANALYZER_NONNULL = YES;
				CLANG_ANALYZER_NUMBER_OBJECT_CONVERSION = YES_AGGRESSIVE;
				CLANG_CXX_LANGUAGE_STANDARD = "gnu++14";
				CLANG_CXX_LIBRARY = "libc++";
				CLANG_ENABLE_MODULES = YES;
				CLANG_ENABLE_OBJC_ARC = YES;
				CLANG_WARN_BLOCK_CAPTURE_AUTORELEASING = YES;
				CLANG_WARN_BOOL_CONVERSION = YES;
				CLANG_WARN_COMMA = YES;
				CLANG_WARN_CONSTANT_CONVERSION = YES;
				CLANG_WARN_DIRECT_OBJC_ISA_USAGE = YES_ERROR;
				CLANG_WARN_DOCUMENTATION_COMMENTS = YES;
				CLANG_WARN_EMPTY_BODY = YES;
				CLANG_WARN_ENUM_CONVERSION = YES;
				CLANG_WARN_INFINITE_RECURSION = YES;
				CLANG_WARN_INT_CONVERSION = YES;
				CLANG_WARN_NON_LITERAL_NULL_CONVERSION = YES;
				CLANG_WARN_OBJC_LITERAL_CONVERSION = YES;
				CLANG_WARN_OBJC_ROOT_CLASS = YES_ERROR;
				CLANG_WARN_RANGE_LOOP_ANALYSIS = YES;
				CLANG_WARN_STRICT_PROTOTYPES = YES;
				CLANG_WARN_SUSPICIOUS_MOVE = YES;
				CLANG_WARN_UNGUARDED_AVAILABILITY = YES_AGGRESSIVE;
				CLANG_WARN_UNREACHABLE_CODE = YES;
				CLANG_WARN__DUPLICATE_METHOD_MATCH = YES;
				CODE_SIGN_IDENTITY = "iPhone Developer";
				COPY_PHASE_STRIP = NO;
				DEBUG_INFORMATION_FORMAT = "dwarf-with-dsym";
				ENABLE_NS_ASSERTIONS = NO;
				ENABLE_STRICT_OBJC_MSGSEND = YES;
				GCC_C_LANGUAGE_STANDARD = gnu11;
				GCC_NO_COMMON_BLOCKS = YES;
				GCC_WARN_64_TO_32_BIT_CONVERSION = YES;
				GCC_WARN_ABOUT_RETURN_TYPE = YES_ERROR;
				GCC_WARN_UNDECLARED_SELECTOR = YES;
				GCC_WARN_UNINITIALIZED_AUTOS = YES_AGGRESSIVE;
				GCC_WARN_UNUSED_FUNCTION = YES;
				GCC_WARN_UNUSED_VARIABLE = YES;
				IPHONEOS_DEPLOYMENT_TARGET = 11.0;
				MTL_ENABLE_DEBUG_INFO = NO;
				SDKROOT = iphoneos;
				VALIDATE_PRODUCT = YES;
			};
			name = Release;
		};
		56E3AF3B1FA6CB0600224BD8 /* Debug */ = {
			isa = XCBuildConfiguration;
			buildSettings = {
				ASSETCATALOG_COMPILER_APPICON_NAME = AppIcon;
				CODE_SIGN_STYLE = Automatic;
				DEVELOPMENT_TEAM = 4ATZY28W58;
				INFOPLIST_FILE = CoreImageDemo/Info.plist;
				LD_RUNPATH_SEARCH_PATHS = "$(inherited) @executable_path/Frameworks";
				PRODUCT_BUNDLE_IDENTIFIER = com.shuqu.CoreImageDemo;
				PRODUCT_NAME = "$(TARGET_NAME)";
				TARGETED_DEVICE_FAMILY = "1,2";
			};
			name = Debug;
		};
		56E3AF3C1FA6CB0600224BD8 /* Release */ = {
			isa = XCBuildConfiguration;
			buildSettings = {
				ASSETCATALOG_COMPILER_APPICON_NAME = AppIcon;
				CODE_SIGN_STYLE = Automatic;
				DEVELOPMENT_TEAM = 4ATZY28W58;
				INFOPLIST_FILE = CoreImageDemo/Info.plist;
				LD_RUNPATH_SEARCH_PATHS = "$(inherited) @executable_path/Frameworks";
				PRODUCT_BUNDLE_IDENTIFIER = com.shuqu.CoreImageDemo;
				PRODUCT_NAME = "$(TARGET_NAME)";
				TARGETED_DEVICE_FAMILY = "1,2";
			};
			name = Release;
		};
/* End XCBuildConfiguration section */

/* Begin XCConfigurationList section */
		56E3AF1F1FA6CB0500224BD8 /* Build configuration list for PBXProject "CoreImageDemo" */ = {
			isa = XCConfigurationList;
			buildConfigurations = (
				56E3AF381FA6CB0600224BD8 /* Debug */,
				56E3AF391FA6CB0600224BD8 /* Release */,
			);
			defaultConfigurationIsVisible = 0;
			defaultConfigurationName = Release;
		};
		56E3AF3A1FA6CB0600224BD8 /* Build configuration list for PBXNativeTarget "CoreImageDemo" */ = {
			isa = XCConfigurationList;
			buildConfigurations = (
				56E3AF3B1FA6CB0600224BD8 /* Debug */,
				56E3AF3C1FA6CB0600224BD8 /* Release */,
			);
			defaultConfigurationIsVisible = 0;
			defaultConfigurationName = Release;
		};
/* End XCConfigurationList section */
	};
	rootObject = 56E3AF1C1FA6CB0500224BD8 /* Project object */;
}
